
Microsoft Visual Studio Solution File, Format Version 12.00
# Visual Studio Version 17
VisualStudioVersion = 17.3.32922.545
MinimumVisualStudioVersion = 10.0.40219.1
Project("{FAE04EC0-301F-11D3-BF4B-00C04F79EFBC}") = "MikroDenetleyicilerProjeOdevi", "MikroDenetleyicilerProjeOdevi.csproj", "{BCB9A82C-1F65-4140-96FA-1D0CABBDCA9A}"
EndProject
Global
	GlobalSection(SolutionConfigurationPlatforms) = preSolution
		Debug|Any CPU = Debug|Any CPU
		Release|Any CPU = Release|Any CPU
	EndGlobalSection
	GlobalSection(ProjectConfigurationPlatforms) = postSolution
		{BCB9A82C-1F65-4140-96FA-1D0CABBDCA9A}.Debug|Any CPU.ActiveCfg = Debug|Any CPU
		{BCB9A82C-1F65-4140-96FA-1D0CABBDCA9A}.Debug|Any CPU.Build.0 = Debug|Any CPU
		{BCB9A82C-1F65-4140-96FA-1D0CABBDCA9A}.Release|Any CPU.ActiveCfg = Release|Any CPU
		{BCB9A82C-1F65-4140-96FA-1D0CABBDCA9A}.Release|Any CPU.Build.0 = Release|Any CPU
	EndGlobalSection
	GlobalSection(SolutionProperties) = preSolution
		HideSolutionNode = FALSE
	EndGlobalSection
	GlobalSection(ExtensibilityGlobals) = postSolution
		SolutionGuid = {CC10EC82-3CC3-4AB6-8CBF-55E97314CCD0}
	EndGlobalSection
EndGlobal
